
Microsoft Visual Studio Solution File, Format Version 12.00
# Visual Studio Version 17
VisualStudioVersion = 17.11.35312.102
MinimumVisualStudioVersion = 10.0.40219.1
Project("{FAE04EC0-301F-11D3-BF4B-00C04F79EFBC}") = "ShoppingCart", "ShoppingCart\ShoppingCart.csproj", "{585D6E53-A6F7-4136-832F-49168F55DFD1}"
EndProject
Global
	GlobalSection(SolutionConfigurationPlatforms) = preSolution
		Debug|Any CPU = Debug|Any CPU
		Release|Any CPU = Release|Any CPU
	EndGlobalSection
	GlobalSection(ProjectConfigurationPlatforms) = postSolution
		{585D6E53-A6F7-4136-832F-49168F55DFD1}.Debug|Any CPU.ActiveCfg = Debug|Any CPU
		{585D6E53-A6F7-4136-832F-49168F55DFD1}.Debug|Any CPU.Build.0 = Debug|Any CPU
		{585D6E53-A6F7-4136-832F-49168F55DFD1}.Release|Any CPU.ActiveCfg = Release|Any CPU
		{585D6E53-A6F7-4136-832F-49168F55DFD1}.Release|Any CPU.Build.0 = Release|Any CPU
	EndGlobalSection
	GlobalSection(SolutionProperties) = preSolution
		HideSolutionNode = FALSE
	EndGlobalSection
	GlobalSection(ExtensibilityGlobals) = postSolution
		SolutionGuid = {CB93504B-93DC-4636-825C-DFAFA4E08E32}
	EndGlobalSection
EndGlobal
